
Microsoft Visual Studio Solution File, Format Version 12.00
Project("{FAE04EC0-301F-11D3-BF4B-00C04F79EFBC}") = "CsharpProjects", "CsharpProjects\CsharpProjects.csproj", "{EAF59FF9-A195-4CB4-BEE4-B5E745EAABFA}"
EndProject
Project("{FAE04EC0-301F-11D3-BF4B-00C04F79EFBC}") = "FilmExerciceCS", "FilmExerciceCS\FilmExerciceCS.csproj", "{353A7CB5-4C5A-4A7A-B7FA-8E1B508E2D3C}"
EndProject
Project("{FAE04EC0-301F-11D3-BF4B-00C04F79EFBC}") = "PooZoo", "PooZoo\PooZoo.csproj", "{B1A5A94C-8306-4A3D-A992-7D5F699BF45C}"
EndProject
Project("{FAE04EC0-301F-11D3-BF4B-00C04F79EFBC}") = "OptimisationDesImages", "OptimisationDesImages\OptimisationDesImages.csproj", "{E1E24508-8A9A-4C6F-BADF-03E30A904D9E}"
EndProject
Project("{FAE04EC0-301F-11D3-BF4B-00C04F79EFBC}") = "LinqExercicePresentationNet8", "..\..\Desktop\LinqExercicePresentationNet8\LinqExercicePresentationNet8.csproj", "{871E9C68-FEBB-462B-9B77-B3B5B8678500}"
EndProject
Project("{FAE04EC0-301F-11D3-BF4B-00C04F79EFBC}") = "DataSources", "..\..\Desktop\DataSources\DataSources.csproj", "{7DFE836A-802D-4507-881E-CBA8A391396E}"
EndProject
Global
	GlobalSection(SolutionConfigurationPlatforms) = preSolution
		Debug|Any CPU = Debug|Any CPU
		Release|Any CPU = Release|Any CPU
	EndGlobalSection
	GlobalSection(ProjectConfigurationPlatforms) = postSolution
		{EAF59FF9-A195-4CB4-BEE4-B5E745EAABFA}.Debug|Any CPU.ActiveCfg = Debug|Any CPU
		{EAF59FF9-A195-4CB4-BEE4-B5E745EAABFA}.Debug|Any CPU.Build.0 = Debug|Any CPU
		{EAF59FF9-A195-4CB4-BEE4-B5E745EAABFA}.Release|Any CPU.ActiveCfg = Release|Any CPU
		{EAF59FF9-A195-4CB4-BEE4-B5E745EAABFA}.Release|Any CPU.Build.0 = Release|Any CPU
		{353A7CB5-4C5A-4A7A-B7FA-8E1B508E2D3C}.Debug|Any CPU.ActiveCfg = Debug|Any CPU
		{353A7CB5-4C5A-4A7A-B7FA-8E1B508E2D3C}.Debug|Any CPU.Build.0 = Debug|Any CPU
		{353A7CB5-4C5A-4A7A-B7FA-8E1B508E2D3C}.Release|Any CPU.ActiveCfg = Release|Any CPU
		{353A7CB5-4C5A-4A7A-B7FA-8E1B508E2D3C}.Release|Any CPU.Build.0 = Release|Any CPU
		{B1A5A94C-8306-4A3D-A992-7D5F699BF45C}.Debug|Any CPU.ActiveCfg = Debug|Any CPU
		{B1A5A94C-8306-4A3D-A992-7D5F699BF45C}.Debug|Any CPU.Build.0 = Debug|Any CPU
		{B1A5A94C-8306-4A3D-A992-7D5F699BF45C}.Release|Any CPU.ActiveCfg = Release|Any CPU
		{B1A5A94C-8306-4A3D-A992-7D5F699BF45C}.Release|Any CPU.Build.0 = Release|Any CPU
		{E1E24508-8A9A-4C6F-BADF-03E30A904D9E}.Debug|Any CPU.ActiveCfg = Debug|Any CPU
		{E1E24508-8A9A-4C6F-BADF-03E30A904D9E}.Debug|Any CPU.Build.0 = Debug|Any CPU
		{E1E24508-8A9A-4C6F-BADF-03E30A904D9E}.Release|Any CPU.ActiveCfg = Release|Any CPU
		{E1E24508-8A9A-4C6F-BADF-03E30A904D9E}.Release|Any CPU.Build.0 = Release|Any CPU
		{871E9C68-FEBB-462B-9B77-B3B5B8678500}.Debug|Any CPU.ActiveCfg = Debug|Any CPU
		{871E9C68-FEBB-462B-9B77-B3B5B8678500}.Debug|Any CPU.Build.0 = Debug|Any CPU
		{871E9C68-FEBB-462B-9B77-B3B5B8678500}.Release|Any CPU.ActiveCfg = Release|Any CPU
		{871E9C68-FEBB-462B-9B77-B3B5B8678500}.Release|Any CPU.Build.0 = Release|Any CPU
		{7DFE836A-802D-4507-881E-CBA8A391396E}.Debug|Any CPU.ActiveCfg = Debug|Any CPU
		{7DFE836A-802D-4507-881E-CBA8A391396E}.Debug|Any CPU.Build.0 = Debug|Any CPU
		{7DFE836A-802D-4507-881E-CBA8A391396E}.Release|Any CPU.ActiveCfg = Release|Any CPU
		{7DFE836A-802D-4507-881E-CBA8A391396E}.Release|Any CPU.Build.0 = Release|Any CPU
	EndGlobalSection
EndGlobal
